// !$*UTF8*$!
{
	archiveVersion = 1;
	classes = {
	};
	objectVersion = 46;
	objects = {

/* Begin PBXBuildFile section */
		DED313611E01DB04008FE500 /* AppDelegate.swift in Sources */ = {isa = PBXBuildFile; fileRef = DED313601E01DB04008FE500 /* AppDelegate.swift */; };
		DED313661E01DB04008FE500 /* Main.storyboard in Resources */ = {isa = PBXBuildFile; fileRef = DED313641E01DB04008FE500 /* Main.storyboard */; };
		DED313691E01DB04008FE500 /* queRULE.xcdatamodeld in Sources */ = {isa = PBXBuildFile; fileRef = DED313671E01DB04008FE500 /* queRULE.xcdatamodeld */; };
		DED3136B1E01DB04008FE500 /* Assets.xcassets in Resources */ = {isa = PBXBuildFile; fileRef = DED3136A1E01DB04008FE500 /* Assets.xcassets */; };
		DED3136E1E01DB04008FE500 /* LaunchScreen.storyboard in Resources */ = {isa = PBXBuildFile; fileRef = DED3136C1E01DB04008FE500 /* LaunchScreen.storyboard */; };
		DED313781E01E5AF008FE500 /* GamesViewController.swift in Sources */ = {isa = PBXBuildFile; fileRef = DED313771E01E5AF008FE500 /* GamesViewController.swift */; };
		DED3137A1E01E5CD008FE500 /* AddGameViewController.swift in Sources */ = {isa = PBXBuildFile; fileRef = DED313791E01E5CD008FE500 /* AddGameViewController.swift */; };
		DED3137C1E01E633008FE500 /* GameCollectionViewCell.swift in Sources */ = {isa = PBXBuildFile; fileRef = DED3137B1E01E633008FE500 /* GameCollectionViewCell.swift */; };
/* End PBXBuildFile section */

/* Begin PBXFileReference section */
		DED3135D1E01DB04008FE500 /* queRULE.app */ = {isa = PBXFileReference; explicitFileType = wrapper.application; includeInIndex = 0; path = queRULE.app; sourceTree = BUILT_PRODUCTS_DIR; };
		DED313601E01DB04008FE500 /* AppDelegate.swift */ = {isa = PBXFileReference; lastKnownFileType = sourcecode.swift; path = AppDelegate.swift; sourceTree = "<group>"; };
		DED313651E01DB04008FE500 /* Base */ = {isa = PBXFileReference; lastKnownFileType = file.storyboard; name = Base; path = Base.lproj/Main.storyboard; sourceTree = "<group>"; };
		DED313681E01DB04008FE500 /* queRULE.xcdatamodel */ = {isa = PBXFileReference; lastKnownFileType = wrapper.xcdatamodel; path = queRULE.xcdatamodel; sourceTree = "<group>"; };
		DED3136A1E01DB04008FE500 /* Assets.xcassets */ = {isa = PBXFileReference; lastKnownFileType = folder.assetcatalog; path = Assets.xcassets; sourceTree = "<group>"; };
		DED3136D1E01DB04008FE500 /* Base */ = {isa = PBXFileReference; lastKnownFileType = file.storyboard; name = Base; path = Base.lproj/LaunchScreen.storyboard; sourceTree = "<group>"; };
		DED3136F1E01DB04008FE500 /* Info.plist */ = {isa = PBXFileReference; lastKnownFileType = text.plist.xml; path = Info.plist; sourceTree = "<group>"; };
		DED313771E01E5AF008FE500 /* GamesViewController.swift */ = {isa = PBXFileReference; fileEncoding = 4; lastKnownFileType = sourcecode.swift; path = GamesViewController.swift; sourceTree = "<group>"; };
		DED313791E01E5CD008FE500 /* AddGameViewController.swift */ = {isa = PBXFileReference; fileEncoding = 4; lastKnownFileType = sourcecode.swift; path = AddGameViewController.swift; sourceTree = "<group>"; };
		DED3137B1E01E633008FE500 /* GameCollectionViewCell.swift */ = {isa = PBXFileReference; fileEncoding = 4; lastKnownFileType = sourcecode.swift; path = GameCollectionViewCell.swift; sourceTree = "<group>"; };
/* End PBXFileReference section */

/* Begin PBXFrameworksBuildPhase section */
		DED3135A1E01DB04008FE500 /* Frameworks */ = {
			isa = PBXFrameworksBuildPhase;
			buildActionMask = 2147483647;
			files = (
			);
			runOnlyForDeploymentPostprocessing = 0;
		};
/* End PBXFrameworksBuildPhase section */

/* Begin PBXGroup section */
		DED313541E01DB04008FE500 = {
			isa = PBXGroup;
			children = (
				DED3135F1E01DB04008FE500 /* queRULE */,
				DED3135E1E01DB04008FE500 /* Products */,
			);
			sourceTree = "<group>";
		};
		DED3135E1E01DB04008FE500 /* Products */ = {
			isa = PBXGroup;
			children = (
				DED3135D1E01DB04008FE500 /* queRULE.app */,
			);
			name = Products;
			sourceTree = "<group>";
		};
		DED3135F1E01DB04008FE500 /* queRULE */ = {
			isa = PBXGroup;
			children = (
				DED313601E01DB04008FE500 /* AppDelegate.swift */,
				DED313771E01E5AF008FE500 /* GamesViewController.swift */,
				DED3137B1E01E633008FE500 /* GameCollectionViewCell.swift */,
				DED313791E01E5CD008FE500 /* AddGameViewController.swift */,
				DED313641E01DB04008FE500 /* Main.storyboard */,
				DED3136A1E01DB04008FE500 /* Assets.xcassets */,
				DED3136C1E01DB04008FE500 /* LaunchScreen.storyboard */,
				DED3136F1E01DB04008FE500 /* Info.plist */,
				DED313671E01DB04008FE500 /* queRULE.xcdatamodeld */,
			);
			path = queRULE;
			sourceTree = "<group>";
		};
/* End PBXGroup section */

/* Begin PBXNativeTarget section */
		DED3135C1E01DB04008FE500 /* queRULE */ = {
			isa = PBXNativeTarget;
			buildConfigurationList = DED313721E01DB04008FE500 /* Build configuration list for PBXNativeTarget "queRULE" */;
			buildPhases = (
				DED313591E01DB04008FE500 /* Sources */,
				DED3135A1E01DB04008FE500 /* Frameworks */,
				DED3135B1E01DB04008FE500 /* Resources */,
			);
			buildRules = (
			);
			dependencies = (
			);
			name = queRULE;
			productName = queRULE;
			productReference = DED3135D1E01DB04008FE500 /* queRULE.app */;
			productType = "com.apple.product-type.application";
		};
/* End PBXNativeTarget section */

/* Begin PBXProject section */
		DED313551E01DB04008FE500 /* Project object */ = {
			isa = PBXProject;
			attributes = {
				LastSwiftUpdateCheck = 0810;
				LastUpgradeCheck = 0810;
				ORGANIZATIONNAME = kijho;
				TargetAttributes = {
					DED3135C1E01DB04008FE500 = {
						CreatedOnToolsVersion = 8.1;
						DevelopmentTeam = TRRV84TBHR;
						ProvisioningStyle = Automatic;
					};
				};
			};
			buildConfigurationList = DED313581E01DB04008FE500 /* Build configuration list for PBXProject "queRULE" */;
			compatibilityVersion = "Xcode 3.2";
			developmentRegion = English;
			hasScannedForEncodings = 0;
			knownRegions = (
				en,
				Base,
			);
			mainGroup = DED313541E01DB04008FE500;
			productRefGroup = DED3135E1E01DB04008FE500 /* Products */;
			projectDirPath = "";
			projectRoot = "";
			targets = (
				DED3135C1E01DB04008FE500 /* queRULE */,
			);
		};
/* End PBXProject section */

/* Begin PBXResourcesBuildPhase section */
		DED3135B1E01DB04008FE500 /* Resources */ = {
			isa = PBXResourcesBuildPhase;
			buildActionMask = 2147483647;
			files = (
				DED3136E1E01DB04008FE500 /* LaunchScreen.storyboard in Resources */,
				DED3136B1E01DB04008FE500 /* Assets.xcassets in Resources */,
				DED313661E01DB04008FE500 /* Main.storyboard in Resources */,
			);
			runOnlyForDeploymentPostprocessing = 0;
		};
/* End PBXResourcesBuildPhase section */

/* Begin PBXSourcesBuildPhase section */
		DED313591E01DB04008FE500 /* Sources */ = {
			isa = PBXSourcesBuildPhase;
			buildActionMask = 2147483647;
			files = (
				DED3137A1E01E5CD008FE500 /* AddGameViewController.swift in Sources */,
				DED3137C1E01E633008FE500 /* GameCollectionViewCell.swift in Sources */,
				DED313611E01DB04008FE500 /* AppDelegate.swift in Sources */,
				DED313781E01E5AF008FE500 /* GamesViewController.swift in Sources */,
				DED313691E01DB04008FE500 /* queRULE.xcdatamodeld in Sources */,
			);
			runOnlyForDeploymentPostprocessing = 0;
		};
/* End PBXSourcesBuildPhase section */

/* Begin PBXVariantGroup section */
		DED313641E01DB04008FE500 /* Main.storyboard */ = {
			isa = PBXVariantGroup;
			children = (
				DED313651E01DB04008FE500 /* Base */,
			);
			name = Main.storyboard;
			sourceTree = "<group>";
		};
		DED3136C1E01DB04008FE500 /* LaunchScreen.storyboard */ = {
			isa = PBXVariantGroup;
			children = (
				DED3136D1E01DB04008FE500 /* Base */,
			);
			name = LaunchScreen.storyboard;
			sourceTree = "<group>";
		};
/* End PBXVariantGroup section */

/* Begin XCBuildConfiguration section */
		DED313701E01DB04008FE500 /* Debug */ = {
			isa = XCBuildConfiguration;
			buildSettings = {
				ALWAYS_SEARCH_USER_PATHS = NO;
				CLANG_ANALYZER_NONNULL = YES;
				CLANG_CXX_LANGUAGE_STANDARD = "gnu++0x";
				CLANG_CXX_LIBRARY = "libc++";
				CLANG_ENABLE_MODULES = YES;
				CLANG_ENABLE_OBJC_ARC = YES;
				CLANG_WARN_BOOL_CONVERSION = YES;
				CLANG_WARN_CONSTANT_CONVERSION = YES;
				CLANG_WARN_DIRECT_OBJC_ISA_USAGE = YES_ERROR;
				CLANG_WARN_DOCUMENTATION_COMMENTS = YES;
				CLANG_WARN_EMPTY_BODY = YES;
				CLANG_WARN_ENUM_CONVERSION = YES;
				CLANG_WARN_INFINITE_RECURSION = YES;
				CLANG_WARN_INT_CONVERSION = YES;
				CLANG_WARN_OBJC_ROOT_CLASS = YES_ERROR;
				CLANG_WARN_SUSPICIOUS_MOVES = YES;
				CLANG_WARN_UNREACHABLE_CODE = YES;
				CLANG_WARN__DUPLICATE_METHOD_MATCH = YES;
				"CODE_SIGN_IDENTITY[sdk=iphoneos*]" = "iPhone Developer";
				COPY_PHASE_STRIP = NO;
				DEBUG_INFORMATION_FORMAT = dwarf;
				ENABLE_STRICT_OBJC_MSGSEND = YES;
				ENABLE_TESTABILITY = YES;
				GCC_C_LANGUAGE_STANDARD = gnu99;
				GCC_DYNAMIC_NO_PIC = NO;
				GCC_NO_COMMON_BLOCKS = YES;
				GCC_OPTIMIZATION_LEVEL = 0;
				GCC_PREPROCESSOR_DEFINITIONS = (
					"DEBUG=1",
					"$(inherited)",
				);
				GCC_WARN_64_TO_32_BIT_CONVERSION = YES;
				GCC_WARN_ABOUT_RETURN_TYPE = YES_ERROR;
				GCC_WARN_UNDECLARED_SELECTOR = YES;
				GCC_WARN_UNINITIALIZED_AUTOS = YES_AGGRESSIVE;
				GCC_WARN_UNUSED_FUNCTION = YES;
				GCC_WARN_UNUSED_VARIABLE = YES;
				IPHONEOS_DEPLOYMENT_TARGET = 10.1;
				MTL_ENABLE_DEBUG_INFO = YES;
				ONLY_ACTIVE_ARCH = YES;
				SDKROOT = iphoneos;
				SWIFT_ACTIVE_COMPILATION_CONDITIONS = DEBUG;
				SWIFT_OPTIMIZATION_LEVEL = "-Onone";
			};
			name = Debug;
		};
		DED313711E01DB04008FE500 /* Release */ = {
			isa = XCBuildConfiguration;
			buildSettings = {
				ALWAYS_SEARCH_USER_PATHS = NO;
				CLANG_ANALYZER_NONNULL = YES;
				CLANG_CXX_LANGUAGE_STANDARD = "gnu++0x";
				CLANG_CXX_LIBRARY = "libc++";
				CLANG_ENABLE_MODULES = YES;
				CLANG_ENABLE_OBJC_ARC = YES;
				CLANG_WARN_BOOL_CONVERSION = YES;
				CLANG_WARN_CONSTANT_CONVERSION = YES;
				CLANG_WARN_DIRECT_OBJC_ISA_USAGE = YES_ERROR;
				CLANG_WARN_DOCUMENTATION_COMMENTS = YES;
				CLANG_WARN_EMPTY_BODY = YES;
				CLANG_WARN_ENUM_CONVERSION = YES;
				CLANG_WARN_INFINITE_RECURSION = YES;
				CLANG_WARN_INT_CONVERSION = YES;
				CLANG_WARN_OBJC_ROOT_CLASS = YES_ERROR;
				CLANG_WARN_SUSPICIOUS_MOVES = YES;
				CLANG_WARN_UNREACHABLE_CODE = YES;
				CLANG_WARN__DUPLICATE_METHOD_MATCH = YES;
				"CODE_SIGN_IDENTITY[sdk=iphoneos*]" = "iPhone Developer";
				COPY_PHASE_STRIP = NO;
				DEBUG_INFORMATION_FORMAT = "dwarf-with-dsym";
				ENABLE_NS_ASSERTIONS = NO;
				ENABLE_STRICT_OBJC_MSGSEND = YES;
				GCC_C_LANGUAGE_STANDARD = gnu99;
				GCC_NO_COMMON_BLOCKS = YES;
				GCC_WARN_64_TO_32_BIT_CONVERSION = YES;
				GCC_WARN_ABOUT_RETURN_TYPE = YES_ERROR;
				GCC_WARN_UNDECLARED_SELECTOR = YES;
				GCC_WARN_UNINITIALIZED_AUTOS = YES_AGGRESSIVE;
				GCC_WARN_UNUSED_FUNCTION = YES;
				GCC_WARN_UNUSED_VARIABLE = YES;
				IPHONEOS_DEPLOYMENT_TARGET = 10.1;
				MTL_ENABLE_DEBUG_INFO = NO;
				SDKROOT = iphoneos;
				SWIFT_OPTIMIZATION_LEVEL = "-Owholemodule";
				VALIDATE_PRODUCT = YES;
			};
			name = Release;
		};
		DED313731E01DB04008FE500 /* Debug */ = {
			isa = XCBuildConfiguration;
			buildSettings = {
				ASSETCATALOG_COMPILER_APPICON_NAME = AppIcon;
				DEVELOPMENT_TEAM = TRRV84TBHR;
				INFOPLIST_FILE = queRULE/Info.plist;
				LD_RUNPATH_SEARCH_PATHS = "$(inherited) @executable_path/Frameworks";
				PRODUCT_BUNDLE_IDENTIFIER = com.johan.queRULE;
				PRODUCT_NAME = "$(TARGET_NAME)";
				SWIFT_VERSION = 3.0;
			};
			name = Debug;
		};
		DED313741E01DB04008FE500 /* Release */ = {
			isa = XCBuildConfiguration;
			buildSettings = {
				ASSETCATALOG_COMPILER_APPICON_NAME = AppIcon;
				DEVELOPMENT_TEAM = TRRV84TBHR;
				INFOPLIST_FILE = queRULE/Info.plist;
				LD_RUNPATH_SEARCH_PATHS = "$(inherited) @executable_path/Frameworks";
				PRODUCT_BUNDLE_IDENTIFIER = com.johan.queRULE;
				PRODUCT_NAME = "$(TARGET_NAME)";
				SWIFT_VERSION = 3.0;
			};
			name = Release;
		};
/* End XCBuildConfiguration section */

/* Begin XCConfigurationList section */
		DED313581E01DB04008FE500 /* Build configuration list for PBXProject "queRULE" */ = {
			isa = XCConfigurationList;
			buildConfigurations = (
				DED313701E01DB04008FE500 /* Debug */,
				DED313711E01DB04008FE500 /* Release */,
			);
			defaultConfigurationIsVisible = 0;
			defaultConfigurationName = Release;
		};
		DED313721E01DB04008FE500 /* Build configuration list for PBXNativeTarget "queRULE" */ = {
			isa = XCConfigurationList;
			buildConfigurations = (
				DED313731E01DB04008FE500 /* Debug */,
				DED313741E01DB04008FE500 /* Release */,
			);
			defaultConfigurationIsVisible = 0;
			defaultConfigurationName = Release;
		};
/* End XCConfigurationList section */

/* Begin XCVersionGroup section */
		DED313671E01DB04008FE500 /* queRULE.xcdatamodeld */ = {
			isa = XCVersionGroup;
			children = (
				DED313681E01DB04008FE500 /* queRULE.xcdatamodel */,
			);
			currentVersion = DED313681E01DB04008FE500 /* queRULE.xcdatamodel */;
			path = queRULE.xcdatamodeld;
			sourceTree = "<group>";
			versionGroupType = wrapper.xcdatamodel;
		};
/* End XCVersionGroup section */
	};
	rootObject = DED313551E01DB04008FE500 /* Project object */;
}
